
Microsoft Visual Studio Solution File, Format Version 12.00
# Visual Studio Version 17
VisualStudioVersion = 17.3.32922.545
MinimumVisualStudioVersion = 10.0.40219.1
Project("{FAE04EC0-301F-11D3-BF4B-00C04F79EFBC}") = "distress-signal", "distress-signal.csproj", "{3A888017-ABAA-42EE-9DBD-2D36120877F1}"
EndProject
Global
	GlobalSection(SolutionConfigurationPlatforms) = preSolution
		Debug|Any CPU = Debug|Any CPU
		Release|Any CPU = Release|Any CPU
	EndGlobalSection
	GlobalSection(ProjectConfigurationPlatforms) = postSolution
		{3A888017-ABAA-42EE-9DBD-2D36120877F1}.Debug|Any CPU.ActiveCfg = Debug|Any CPU
		{3A888017-ABAA-42EE-9DBD-2D36120877F1}.Debug|Any CPU.Build.0 = Debug|Any CPU
		{3A888017-ABAA-42EE-9DBD-2D36120877F1}.Release|Any CPU.ActiveCfg = Release|Any CPU
		{3A888017-ABAA-42EE-9DBD-2D36120877F1}.Release|Any CPU.Build.0 = Release|Any CPU
	EndGlobalSection
	GlobalSection(SolutionProperties) = preSolution
		HideSolutionNode = FALSE
	EndGlobalSection
	GlobalSection(ExtensibilityGlobals) = postSolution
		SolutionGuid = {A729F152-7C30-41A2-9079-745C9CC3000B}
	EndGlobalSection
EndGlobal
