
Microsoft Visual Studio Solution File, Format Version 12.00
# Visual Studio Version 17
VisualStudioVersion = 17.2.32616.157
MinimumVisualStudioVersion = 10.0.40219.1
Project("{FAE04EC0-301F-11D3-BF4B-00C04F79EFBC}") = "Camp Cleanup", "Camp Cleanup.csproj", "{76DD0653-AD2C-44D2-B86C-F030910C6C36}"
EndProject
Global
	GlobalSection(SolutionConfigurationPlatforms) = preSolution
		Debug|Any CPU = Debug|Any CPU
		Release|Any CPU = Release|Any CPU
	EndGlobalSection
	GlobalSection(ProjectConfigurationPlatforms) = postSolution
		{76DD0653-AD2C-44D2-B86C-F030910C6C36}.Debug|Any CPU.ActiveCfg = Debug|Any CPU
		{76DD0653-AD2C-44D2-B86C-F030910C6C36}.Debug|Any CPU.Build.0 = Debug|Any CPU
		{76DD0653-AD2C-44D2-B86C-F030910C6C36}.Release|Any CPU.ActiveCfg = Release|Any CPU
		{76DD0653-AD2C-44D2-B86C-F030910C6C36}.Release|Any CPU.Build.0 = Release|Any CPU
	EndGlobalSection
	GlobalSection(SolutionProperties) = preSolution
		HideSolutionNode = FALSE
	EndGlobalSection
	GlobalSection(ExtensibilityGlobals) = postSolution
		SolutionGuid = {E3572713-ADE4-4F4C-AA0F-49A12D77331E}
	EndGlobalSection
EndGlobal
